Microsoft Visual Studio Solution File, Format Version 12.00
# Visual Studio Version 17
VisualStudioVersion = 17.13.36105.23
MinimumVisualStudioVersion = 10.0.40219.1
Project("{FAE04EC0-301F-11D3-BF4B-00C04F79EFBC}") = "DBF", "DBF.csproj", "{47BF2200-16DD-39BE-06F2-2DCEDC8AC6EE}"
EndProject
Project("{2150E333-8FDC-42A3-9474-1A3956D46DE8}") = "Solution Items", "Solution Items", "{089100B1-113F-4E66-888A-E83F3999EAFD}"
	ProjectSection(SolutionItems) = preProject
		..\Bridge\DBFTools Install script.iss = ..\Bridge\DBFTools Install script.iss
	EndProjectSection
EndProject
Global
	GlobalSection(SolutionConfigurationPlatforms) = preSolution
		Debug|Any CPU = Debug|Any CPU
		Debug|ARM64 = Debug|ARM64
		Debug|x64 = Debug|x64
		Debug|x86 = Debug|x86
		ProdTest|Any CPU = ProdTest|Any CPU
		ProdTest|ARM64 = ProdTest|ARM64
		ProdTest|x64 = ProdTest|x64
		ProdTest|x86 = ProdTest|x86
		Profile|Any CPU = Profile|Any CPU
		Profile|ARM64 = Profile|ARM64
		Profile|x64 = Profile|x64
		Profile|x86 = Profile|x86
		Release|Any CPU = Release|Any CPU
		Release|ARM64 = Release|ARM64
		Release|x64 = Release|x64
		Release|x86 = Release|x86
	EndGlobalSection
	GlobalSection(ProjectConfigurationPlatforms) = postSolution
		{47BF2200-16DD-39BE-06F2-2DCEDC8AC6EE}.Debug|Any CPU.ActiveCfg = Debug|x64
		{47BF2200-16DD-39BE-06F2-2DCEDC8AC6EE}.Debug|Any CPU.Build.0 = Debug|x64
		{47BF2200-16DD-39BE-06F2-2DCEDC8AC6EE}.Debug|ARM64.ActiveCfg = Debug|Any CPU
		{47BF2200-16DD-39BE-06F2-2DCEDC8AC6EE}.Debug|ARM64.Build.0 = Debug|Any CPU
		{47BF2200-16DD-39BE-06F2-2DCEDC8AC6EE}.Debug|x64.ActiveCfg = Debug|x64
		{47BF2200-16DD-39BE-06F2-2DCEDC8AC6EE}.Debug|x64.Build.0 = Debug|x64
		{47BF2200-16DD-39BE-06F2-2DCEDC8AC6EE}.Debug|x86.ActiveCfg = Debug|Any CPU
		{47BF2200-16DD-39BE-06F2-2DCEDC8AC6EE}.Debug|x86.Build.0 = Debug|Any CPU
		{47BF2200-16DD-39BE-06F2-2DCEDC8AC6EE}.ProdTest|Any CPU.ActiveCfg = ProdTest|Any CPU
		{47BF2200-16DD-39BE-06F2-2DCEDC8AC6EE}.ProdTest|Any CPU.Build.0 = ProdTest|Any CPU
		{47BF2200-16DD-39BE-06F2-2DCEDC8AC6EE}.ProdTest|ARM64.ActiveCfg = ProdTest|Any CPU
		{47BF2200-16DD-39BE-06F2-2DCEDC8AC6EE}.ProdTest|ARM64.Build.0 = ProdTest|Any CPU
		{47BF2200-16DD-39BE-06F2-2DCEDC8AC6EE}.ProdTest|x64.ActiveCfg = ProdTest|x64
		{47BF2200-16DD-39BE-06F2-2DCEDC8AC6EE}.ProdTest|x64.Build.0 = ProdTest|x64
		{47BF2200-16DD-39BE-06F2-2DCEDC8AC6EE}.ProdTest|x86.ActiveCfg = ProdTest|Any CPU
		{47BF2200-16DD-39BE-06F2-2DCEDC8AC6EE}.ProdTest|x86.Build.0 = ProdTest|Any CPU
		{47BF2200-16DD-39BE-06F2-2DCEDC8AC6EE}.Profile|Any CPU.ActiveCfg = Profile|Any CPU
		{47BF2200-16DD-39BE-06F2-2DCEDC8AC6EE}.Profile|Any CPU.Build.0 = Profile|Any CPU
		{47BF2200-16DD-39BE-06F2-2DCEDC8AC6EE}.Profile|ARM64.ActiveCfg = Profile|Any CPU
		{47BF2200-16DD-39BE-06F2-2DCEDC8AC6EE}.Profile|ARM64.Build.0 = Profile|Any CPU
		{47BF2200-16DD-39BE-06F2-2DCEDC8AC6EE}.Profile|x64.ActiveCfg = Profile|x64
		{47BF2200-16DD-39BE-06F2-2DCEDC8AC6EE}.Profile|x64.Build.0 = Profile|x64
		{47BF2200-16DD-39BE-06F2-2DCEDC8AC6EE}.Profile|x86.ActiveCfg = Profile|Any CPU
		{47BF2200-16DD-39BE-06F2-2DCEDC8AC6EE}.Profile|x86.Build.0 = Profile|Any CPU
		{47BF2200-16DD-39BE-06F2-2DCEDC8AC6EE}.Release|Any CPU.ActiveCfg = Release|Any CPU
		{47BF2200-16DD-39BE-06F2-2DCEDC8AC6EE}.Release|Any CPU.Build.0 = Release|Any CPU
		{47BF2200-16DD-39BE-06F2-2DCEDC8AC6EE}.Release|ARM64.ActiveCfg = Release|Any CPU
		{47BF2200-16DD-39BE-06F2-2DCEDC8AC6EE}.Release|ARM64.Build.0 = Release|Any CPU
		{47BF2200-16DD-39BE-06F2-2DCEDC8AC6EE}.Release|x64.ActiveCfg = Release|x64
		{47BF2200-16DD-39BE-06F2-2DCEDC8AC6EE}.Release|x64.Build.0 = Release|x64
		{47BF2200-16DD-39BE-06F2-2DCEDC8AC6EE}.Release|x86.ActiveCfg = Release|Any CPU
		{47BF2200-16DD-39BE-06F2-2DCEDC8AC6EE}.Release|x86.Build.0 = Release|Any CPU
	EndGlobalSection
	GlobalSection(SolutionProperties) = preSolution
		HideSolutionNode = FALSE
	EndGlobalSection
	GlobalSection(ExtensibilityGlobals) = postSolution
		SolutionGuid = {98E0695C-E197-4C89-968E-D0F2B6E2C122}
	EndGlobalSection
EndGlobal
