Microsoft Visual Studio Solution File, Format Version 12.00
# Visual Studio Version 18
VisualStudioVersion = 18.1.11312.151
MinimumVisualStudioVersion = 10.0.40219.1
Project("{FAE04EC0-301F-11D3-BF4B-00C04F79EFBC}") = "DBF", "DBF.csproj", "{47BF2200-16DD-39BE-06F2-2DCEDC8AC6EE}"
	ProjectSection(ProjectDependencies) = postProject
		{D4F18404-D340-E3D9-3EB9-4C48CF03D889} = {D4F18404-D340-E3D9-3EB9-4C48CF03D889}
	EndProjectSection
EndProject
Project("{2150E333-8FDC-42A3-9474-1A3956D46DE8}") = "Solution Items", "Solution Items", "{089100B1-113F-4E66-888A-E83F3999EAFD}"
	ProjectSection(SolutionItems) = preProject
		..\..\Directory.Build.props = ..\..\Directory.Build.props
	EndProjectSection
EndProject
Project("{FAE04EC0-301F-11D3-BF4B-00C04F79EFBC}") = "GithubTools", "..\..\Common Libs\GithubTools\GithubTools.csproj", "{3100356B-98EF-5D33-53BD-3876B5A6E873}"
EndProject
Project("{FAE04EC0-301F-11D3-BF4B-00C04F79EFBC}") = "Github Updater", "..\..\Common Libs\Github Updater\Updater\Github Updater.csproj", "{D4F18404-D340-E3D9-3EB9-4C48CF03D889}"
EndProject
Project("{FAE04EC0-301F-11D3-BF4B-00C04F79EFBC}") = "AppArguments", "..\..\Common Libs\AppArguments\AppArguments.csproj", "{A3977FA0-37AC-434F-B10C-EBD5CC058B4B}"
EndProject
Project("{FAE04EC0-301F-11D3-BF4B-00C04F79EFBC}") = "Localization", "..\..\Common Libs\Localization\Localization.csproj", "{CB4F8947-8728-4282-93EF-C0B9F953DE54}"
EndProject
Project("{FAE04EC0-301F-11D3-BF4B-00C04F79EFBC}") = "Bootstrapper", "..\Bootstrapper\Bootstrapper.csproj", "{B21E1729-EA13-47FF-887B-AB625F2A2EBF}"
EndProject
Global
	GlobalSection(SolutionConfigurationPlatforms) = preSolution
		Debug|Any CPU = Debug|Any CPU
		Debug|ARM = Debug|ARM
		Debug|ARM64 = Debug|ARM64
		Debug|x64 = Debug|x64
		Debug|x86 = Debug|x86
		ProdTest|Any CPU = ProdTest|Any CPU
		ProdTest|ARM = ProdTest|ARM
		ProdTest|ARM64 = ProdTest|ARM64
		ProdTest|x64 = ProdTest|x64
		ProdTest|x86 = ProdTest|x86
		Profile|Any CPU = Profile|Any CPU
		Profile|ARM = Profile|ARM
		Profile|ARM64 = Profile|ARM64
		Profile|x64 = Profile|x64
		Profile|x86 = Profile|x86
		Release|Any CPU = Release|Any CPU
		Release|ARM = Release|ARM
		Release|ARM64 = Release|ARM64
		Release|x64 = Release|x64
		Release|x86 = Release|x86
	EndGlobalSection
	GlobalSection(ProjectConfigurationPlatforms) = postSolution
		{47BF2200-16DD-39BE-06F2-2DCEDC8AC6EE}.Debug|Any CPU.ActiveCfg = Debug|Any CPU
		{47BF2200-16DD-39BE-06F2-2DCEDC8AC6EE}.Debug|Any CPU.Build.0 = Debug|Any CPU
		{47BF2200-16DD-39BE-06F2-2DCEDC8AC6EE}.Debug|ARM.ActiveCfg = Debug|Any CPU
		{47BF2200-16DD-39BE-06F2-2DCEDC8AC6EE}.Debug|ARM.Build.0 = Debug|Any CPU
		{47BF2200-16DD-39BE-06F2-2DCEDC8AC6EE}.Debug|ARM64.ActiveCfg = Debug|Any CPU
		{47BF2200-16DD-39BE-06F2-2DCEDC8AC6EE}.Debug|ARM64.Build.0 = Debug|Any CPU
		{47BF2200-16DD-39BE-06F2-2DCEDC8AC6EE}.Debug|x64.ActiveCfg = Debug|x64
		{47BF2200-16DD-39BE-06F2-2DCEDC8AC6EE}.Debug|x64.Build.0 = Debug|x64
		{47BF2200-16DD-39BE-06F2-2DCEDC8AC6EE}.Debug|x86.ActiveCfg = Debug|Any CPU
		{47BF2200-16DD-39BE-06F2-2DCEDC8AC6EE}.Debug|x86.Build.0 = Debug|Any CPU
		{47BF2200-16DD-39BE-06F2-2DCEDC8AC6EE}.ProdTest|Any CPU.ActiveCfg = ProdTest|Any CPU
		{47BF2200-16DD-39BE-06F2-2DCEDC8AC6EE}.ProdTest|Any CPU.Build.0 = ProdTest|Any CPU
		{47BF2200-16DD-39BE-06F2-2DCEDC8AC6EE}.ProdTest|ARM.ActiveCfg = ProdTest|Any CPU
		{47BF2200-16DD-39BE-06F2-2DCEDC8AC6EE}.ProdTest|ARM.Build.0 = ProdTest|Any CPU
		{47BF2200-16DD-39BE-06F2-2DCEDC8AC6EE}.ProdTest|ARM64.ActiveCfg = ProdTest|Any CPU
		{47BF2200-16DD-39BE-06F2-2DCEDC8AC6EE}.ProdTest|ARM64.Build.0 = ProdTest|Any CPU
		{47BF2200-16DD-39BE-06F2-2DCEDC8AC6EE}.ProdTest|x64.ActiveCfg = ProdTest|x64
		{47BF2200-16DD-39BE-06F2-2DCEDC8AC6EE}.ProdTest|x64.Build.0 = ProdTest|x64
		{47BF2200-16DD-39BE-06F2-2DCEDC8AC6EE}.ProdTest|x86.ActiveCfg = ProdTest|Any CPU
		{47BF2200-16DD-39BE-06F2-2DCEDC8AC6EE}.ProdTest|x86.Build.0 = ProdTest|Any CPU
		{47BF2200-16DD-39BE-06F2-2DCEDC8AC6EE}.Profile|Any CPU.ActiveCfg = Profile|Any CPU
		{47BF2200-16DD-39BE-06F2-2DCEDC8AC6EE}.Profile|Any CPU.Build.0 = Profile|Any CPU
		{47BF2200-16DD-39BE-06F2-2DCEDC8AC6EE}.Profile|ARM.ActiveCfg = Profile|Any CPU
		{47BF2200-16DD-39BE-06F2-2DCEDC8AC6EE}.Profile|ARM.Build.0 = Profile|Any CPU
		{47BF2200-16DD-39BE-06F2-2DCEDC8AC6EE}.Profile|ARM64.ActiveCfg = Profile|Any CPU
		{47BF2200-16DD-39BE-06F2-2DCEDC8AC6EE}.Profile|ARM64.Build.0 = Profile|Any CPU
		{47BF2200-16DD-39BE-06F2-2DCEDC8AC6EE}.Profile|x64.ActiveCfg = Profile|x64
		{47BF2200-16DD-39BE-06F2-2DCEDC8AC6EE}.Profile|x64.Build.0 = Profile|x64
		{47BF2200-16DD-39BE-06F2-2DCEDC8AC6EE}.Profile|x86.ActiveCfg = Profile|Any CPU
		{47BF2200-16DD-39BE-06F2-2DCEDC8AC6EE}.Profile|x86.Build.0 = Profile|Any CPU
		{47BF2200-16DD-39BE-06F2-2DCEDC8AC6EE}.Release|Any CPU.ActiveCfg = Release|Any CPU
		{47BF2200-16DD-39BE-06F2-2DCEDC8AC6EE}.Release|Any CPU.Build.0 = Release|Any CPU
		{47BF2200-16DD-39BE-06F2-2DCEDC8AC6EE}.Release|ARM.ActiveCfg = Release|Any CPU
		{47BF2200-16DD-39BE-06F2-2DCEDC8AC6EE}.Release|ARM.Build.0 = Release|Any CPU
		{47BF2200-16DD-39BE-06F2-2DCEDC8AC6EE}.Release|ARM64.ActiveCfg = Release|Any CPU
		{47BF2200-16DD-39BE-06F2-2DCEDC8AC6EE}.Release|ARM64.Build.0 = Release|Any CPU
		{47BF2200-16DD-39BE-06F2-2DCEDC8AC6EE}.Release|x64.ActiveCfg = Release|x64
		{47BF2200-16DD-39BE-06F2-2DCEDC8AC6EE}.Release|x64.Build.0 = Release|x64
		{47BF2200-16DD-39BE-06F2-2DCEDC8AC6EE}.Release|x86.ActiveCfg = Release|Any CPU
		{47BF2200-16DD-39BE-06F2-2DCEDC8AC6EE}.Release|x86.Build.0 = Release|Any CPU
		{3100356B-98EF-5D33-53BD-3876B5A6E873}.Debug|Any CPU.ActiveCfg = Debug|Any CPU
		{3100356B-98EF-5D33-53BD-3876B5A6E873}.Debug|Any CPU.Build.0 = Debug|Any CPU
		{3100356B-98EF-5D33-53BD-3876B5A6E873}.Debug|ARM.ActiveCfg = Debug|Any CPU
		{3100356B-98EF-5D33-53BD-3876B5A6E873}.Debug|ARM.Build.0 = Debug|Any CPU
		{3100356B-98EF-5D33-53BD-3876B5A6E873}.Debug|ARM64.ActiveCfg = Debug|Any CPU
		{3100356B-98EF-5D33-53BD-3876B5A6E873}.Debug|ARM64.Build.0 = Debug|Any CPU
		{3100356B-98EF-5D33-53BD-3876B5A6E873}.Debug|x64.ActiveCfg = Debug|Any CPU
		{3100356B-98EF-5D33-53BD-3876B5A6E873}.Debug|x64.Build.0 = Debug|Any CPU
		{3100356B-98EF-5D33-53BD-3876B5A6E873}.Debug|x86.ActiveCfg = Debug|Any CPU
		{3100356B-98EF-5D33-53BD-3876B5A6E873}.Debug|x86.Build.0 = Debug|Any CPU
		{3100356B-98EF-5D33-53BD-3876B5A6E873}.ProdTest|Any CPU.ActiveCfg = ProdTest|Any CPU
		{3100356B-98EF-5D33-53BD-3876B5A6E873}.ProdTest|Any CPU.Build.0 = ProdTest|Any CPU
		{3100356B-98EF-5D33-53BD-3876B5A6E873}.ProdTest|ARM.ActiveCfg = ProdTest|Any CPU
		{3100356B-98EF-5D33-53BD-3876B5A6E873}.ProdTest|ARM.Build.0 = ProdTest|Any CPU
		{3100356B-98EF-5D33-53BD-3876B5A6E873}.ProdTest|ARM64.ActiveCfg = ProdTest|Any CPU
		{3100356B-98EF-5D33-53BD-3876B5A6E873}.ProdTest|ARM64.Build.0 = ProdTest|Any CPU
		{3100356B-98EF-5D33-53BD-3876B5A6E873}.ProdTest|x64.ActiveCfg = ProdTest|Any CPU
		{3100356B-98EF-5D33-53BD-3876B5A6E873}.ProdTest|x64.Build.0 = ProdTest|Any CPU
		{3100356B-98EF-5D33-53BD-3876B5A6E873}.ProdTest|x86.ActiveCfg = ProdTest|Any CPU
		{3100356B-98EF-5D33-53BD-3876B5A6E873}.ProdTest|x86.Build.0 = ProdTest|Any CPU
		{3100356B-98EF-5D33-53BD-3876B5A6E873}.Profile|Any CPU.ActiveCfg = Profile|Any CPU
		{3100356B-98EF-5D33-53BD-3876B5A6E873}.Profile|Any CPU.Build.0 = Profile|Any CPU
		{3100356B-98EF-5D33-53BD-3876B5A6E873}.Profile|ARM.ActiveCfg = Profile|Any CPU
		{3100356B-98EF-5D33-53BD-3876B5A6E873}.Profile|ARM.Build.0 = Profile|Any CPU
		{3100356B-98EF-5D33-53BD-3876B5A6E873}.Profile|ARM64.ActiveCfg = Profile|Any CPU
		{3100356B-98EF-5D33-53BD-3876B5A6E873}.Profile|ARM64.Build.0 = Profile|Any CPU
		{3100356B-98EF-5D33-53BD-3876B5A6E873}.Profile|x64.ActiveCfg = Profile|Any CPU
		{3100356B-98EF-5D33-53BD-3876B5A6E873}.Profile|x64.Build.0 = Profile|Any CPU
		{3100356B-98EF-5D33-53BD-3876B5A6E873}.Profile|x86.ActiveCfg = Profile|Any CPU
		{3100356B-98EF-5D33-53BD-3876B5A6E873}.Profile|x86.Build.0 = Profile|Any CPU
		{3100356B-98EF-5D33-53BD-3876B5A6E873}.Release|Any CPU.ActiveCfg = Release|Any CPU
		{3100356B-98EF-5D33-53BD-3876B5A6E873}.Release|Any CPU.Build.0 = Release|Any CPU
		{3100356B-98EF-5D33-53BD-3876B5A6E873}.Release|ARM.ActiveCfg = Release|Any CPU
		{3100356B-98EF-5D33-53BD-3876B5A6E873}.Release|ARM.Build.0 = Release|Any CPU
		{3100356B-98EF-5D33-53BD-3876B5A6E873}.Release|ARM64.ActiveCfg = Release|Any CPU
		{3100356B-98EF-5D33-53BD-3876B5A6E873}.Release|ARM64.Build.0 = Release|Any CPU
		{3100356B-98EF-5D33-53BD-3876B5A6E873}.Release|x64.ActiveCfg = Release|Any CPU
		{3100356B-98EF-5D33-53BD-3876B5A6E873}.Release|x64.Build.0 = Release|Any CPU
		{3100356B-98EF-5D33-53BD-3876B5A6E873}.Release|x86.ActiveCfg = Release|Any CPU
		{3100356B-98EF-5D33-53BD-3876B5A6E873}.Release|x86.Build.0 = Release|Any CPU
		{D4F18404-D340-E3D9-3EB9-4C48CF03D889}.Debug|Any CPU.ActiveCfg = Debug|Any CPU
		{D4F18404-D340-E3D9-3EB9-4C48CF03D889}.Debug|Any CPU.Build.0 = Debug|Any CPU
		{D4F18404-D340-E3D9-3EB9-4C48CF03D889}.Debug|ARM.ActiveCfg = Debug|Any CPU
		{D4F18404-D340-E3D9-3EB9-4C48CF03D889}.Debug|ARM.Build.0 = Debug|Any CPU
		{D4F18404-D340-E3D9-3EB9-4C48CF03D889}.Debug|ARM64.ActiveCfg = Debug|Any CPU
		{D4F18404-D340-E3D9-3EB9-4C48CF03D889}.Debug|ARM64.Build.0 = Debug|Any CPU
		{D4F18404-D340-E3D9-3EB9-4C48CF03D889}.Debug|x64.ActiveCfg = Debug|Any CPU
		{D4F18404-D340-E3D9-3EB9-4C48CF03D889}.Debug|x64.Build.0 = Debug|Any CPU
		{D4F18404-D340-E3D9-3EB9-4C48CF03D889}.Debug|x86.ActiveCfg = Debug|Any CPU
		{D4F18404-D340-E3D9-3EB9-4C48CF03D889}.Debug|x86.Build.0 = Debug|Any CPU
		{D4F18404-D340-E3D9-3EB9-4C48CF03D889}.ProdTest|Any CPU.ActiveCfg = ProdTest|Any CPU
		{D4F18404-D340-E3D9-3EB9-4C48CF03D889}.ProdTest|Any CPU.Build.0 = ProdTest|Any CPU
		{D4F18404-D340-E3D9-3EB9-4C48CF03D889}.ProdTest|ARM.ActiveCfg = ProdTest|Any CPU
		{D4F18404-D340-E3D9-3EB9-4C48CF03D889}.ProdTest|ARM.Build.0 = ProdTest|Any CPU
		{D4F18404-D340-E3D9-3EB9-4C48CF03D889}.ProdTest|ARM64.ActiveCfg = ProdTest|Any CPU
		{D4F18404-D340-E3D9-3EB9-4C48CF03D889}.ProdTest|ARM64.Build.0 = ProdTest|Any CPU
		{D4F18404-D340-E3D9-3EB9-4C48CF03D889}.ProdTest|x64.ActiveCfg = ProdTest|Any CPU
		{D4F18404-D340-E3D9-3EB9-4C48CF03D889}.ProdTest|x64.Build.0 = ProdTest|Any CPU
		{D4F18404-D340-E3D9-3EB9-4C48CF03D889}.ProdTest|x86.ActiveCfg = ProdTest|Any CPU
		{D4F18404-D340-E3D9-3EB9-4C48CF03D889}.ProdTest|x86.Build.0 = ProdTest|Any CPU
		{D4F18404-D340-E3D9-3EB9-4C48CF03D889}.Profile|Any CPU.ActiveCfg = Profile|Any CPU
		{D4F18404-D340-E3D9-3EB9-4C48CF03D889}.Profile|Any CPU.Build.0 = Profile|Any CPU
		{D4F18404-D340-E3D9-3EB9-4C48CF03D889}.Profile|ARM.ActiveCfg = Profile|Any CPU
		{D4F18404-D340-E3D9-3EB9-4C48CF03D889}.Profile|ARM.Build.0 = Profile|Any CPU
		{D4F18404-D340-E3D9-3EB9-4C48CF03D889}.Profile|ARM64.ActiveCfg = Profile|Any CPU
		{D4F18404-D340-E3D9-3EB9-4C48CF03D889}.Profile|ARM64.Build.0 = Profile|Any CPU
		{D4F18404-D340-E3D9-3EB9-4C48CF03D889}.Profile|x64.ActiveCfg = Profile|Any CPU
		{D4F18404-D340-E3D9-3EB9-4C48CF03D889}.Profile|x64.Build.0 = Profile|Any CPU
		{D4F18404-D340-E3D9-3EB9-4C48CF03D889}.Profile|x86.ActiveCfg = Profile|Any CPU
		{D4F18404-D340-E3D9-3EB9-4C48CF03D889}.Profile|x86.Build.0 = Profile|Any CPU
		{D4F18404-D340-E3D9-3EB9-4C48CF03D889}.Release|Any CPU.ActiveCfg = Release|Any CPU
		{D4F18404-D340-E3D9-3EB9-4C48CF03D889}.Release|Any CPU.Build.0 = Release|Any CPU
		{D4F18404-D340-E3D9-3EB9-4C48CF03D889}.Release|ARM.ActiveCfg = Release|Any CPU
		{D4F18404-D340-E3D9-3EB9-4C48CF03D889}.Release|ARM.Build.0 = Release|Any CPU
		{D4F18404-D340-E3D9-3EB9-4C48CF03D889}.Release|ARM64.ActiveCfg = Release|Any CPU
		{D4F18404-D340-E3D9-3EB9-4C48CF03D889}.Release|ARM64.Build.0 = Release|Any CPU
		{D4F18404-D340-E3D9-3EB9-4C48CF03D889}.Release|x64.ActiveCfg = Release|Any CPU
		{D4F18404-D340-E3D9-3EB9-4C48CF03D889}.Release|x64.Build.0 = Release|Any CPU
		{D4F18404-D340-E3D9-3EB9-4C48CF03D889}.Release|x86.ActiveCfg = Release|Any CPU
		{D4F18404-D340-E3D9-3EB9-4C48CF03D889}.Release|x86.Build.0 = Release|Any CPU
		{A3977FA0-37AC-434F-B10C-EBD5CC058B4B}.Debug|Any CPU.ActiveCfg = Debug|Any CPU
		{A3977FA0-37AC-434F-B10C-EBD5CC058B4B}.Debug|Any CPU.Build.0 = Debug|Any CPU
		{A3977FA0-37AC-434F-B10C-EBD5CC058B4B}.Debug|ARM.ActiveCfg = Debug|Any CPU
		{A3977FA0-37AC-434F-B10C-EBD5CC058B4B}.Debug|ARM.Build.0 = Debug|Any CPU
		{A3977FA0-37AC-434F-B10C-EBD5CC058B4B}.Debug|ARM64.ActiveCfg = Debug|Any CPU
		{A3977FA0-37AC-434F-B10C-EBD5CC058B4B}.Debug|ARM64.Build.0 = Debug|Any CPU
		{A3977FA0-37AC-434F-B10C-EBD5CC058B4B}.Debug|x64.ActiveCfg = Debug|Any CPU
		{A3977FA0-37AC-434F-B10C-EBD5CC058B4B}.Debug|x64.Build.0 = Debug|Any CPU
		{A3977FA0-37AC-434F-B10C-EBD5CC058B4B}.Debug|x86.ActiveCfg = Debug|Any CPU
		{A3977FA0-37AC-434F-B10C-EBD5CC058B4B}.Debug|x86.Build.0 = Debug|Any CPU
		{A3977FA0-37AC-434F-B10C-EBD5CC058B4B}.ProdTest|Any CPU.ActiveCfg = ProdTest|Any CPU
		{A3977FA0-37AC-434F-B10C-EBD5CC058B4B}.ProdTest|Any CPU.Build.0 = ProdTest|Any CPU
		{A3977FA0-37AC-434F-B10C-EBD5CC058B4B}.ProdTest|ARM.ActiveCfg = ProdTest|Any CPU
		{A3977FA0-37AC-434F-B10C-EBD5CC058B4B}.ProdTest|ARM.Build.0 = ProdTest|Any CPU
		{A3977FA0-37AC-434F-B10C-EBD5CC058B4B}.ProdTest|ARM64.ActiveCfg = ProdTest|Any CPU
		{A3977FA0-37AC-434F-B10C-EBD5CC058B4B}.ProdTest|ARM64.Build.0 = ProdTest|Any CPU
		{A3977FA0-37AC-434F-B10C-EBD5CC058B4B}.ProdTest|x64.ActiveCfg = ProdTest|Any CPU
		{A3977FA0-37AC-434F-B10C-EBD5CC058B4B}.ProdTest|x64.Build.0 = ProdTest|Any CPU
		{A3977FA0-37AC-434F-B10C-EBD5CC058B4B}.ProdTest|x86.ActiveCfg = ProdTest|Any CPU
		{A3977FA0-37AC-434F-B10C-EBD5CC058B4B}.ProdTest|x86.Build.0 = ProdTest|Any CPU
		{A3977FA0-37AC-434F-B10C-EBD5CC058B4B}.Profile|Any CPU.ActiveCfg = Profile|Any CPU
		{A3977FA0-37AC-434F-B10C-EBD5CC058B4B}.Profile|Any CPU.Build.0 = Profile|Any CPU
		{A3977FA0-37AC-434F-B10C-EBD5CC058B4B}.Profile|ARM.ActiveCfg = Profile|Any CPU
		{A3977FA0-37AC-434F-B10C-EBD5CC058B4B}.Profile|ARM.Build.0 = Profile|Any CPU
		{A3977FA0-37AC-434F-B10C-EBD5CC058B4B}.Profile|ARM64.ActiveCfg = Profile|Any CPU
		{A3977FA0-37AC-434F-B10C-EBD5CC058B4B}.Profile|ARM64.Build.0 = Profile|Any CPU
		{A3977FA0-37AC-434F-B10C-EBD5CC058B4B}.Profile|x64.ActiveCfg = Profile|Any CPU
		{A3977FA0-37AC-434F-B10C-EBD5CC058B4B}.Profile|x64.Build.0 = Profile|Any CPU
		{A3977FA0-37AC-434F-B10C-EBD5CC058B4B}.Profile|x86.ActiveCfg = Profile|Any CPU
		{A3977FA0-37AC-434F-B10C-EBD5CC058B4B}.Profile|x86.Build.0 = Profile|Any CPU
		{A3977FA0-37AC-434F-B10C-EBD5CC058B4B}.Release|Any CPU.ActiveCfg = Release|Any CPU
		{A3977FA0-37AC-434F-B10C-EBD5CC058B4B}.Release|Any CPU.Build.0 = Release|Any CPU
		{A3977FA0-37AC-434F-B10C-EBD5CC058B4B}.Release|ARM.ActiveCfg = Release|Any CPU
		{A3977FA0-37AC-434F-B10C-EBD5CC058B4B}.Release|ARM.Build.0 = Release|Any CPU
		{A3977FA0-37AC-434F-B10C-EBD5CC058B4B}.Release|ARM64.ActiveCfg = Release|Any CPU
		{A3977FA0-37AC-434F-B10C-EBD5CC058B4B}.Release|ARM64.Build.0 = Release|Any CPU
		{A3977FA0-37AC-434F-B10C-EBD5CC058B4B}.Release|x64.ActiveCfg = Release|Any CPU
		{A3977FA0-37AC-434F-B10C-EBD5CC058B4B}.Release|x64.Build.0 = Release|Any CPU
		{A3977FA0-37AC-434F-B10C-EBD5CC058B4B}.Release|x86.ActiveCfg = Release|Any CPU
		{A3977FA0-37AC-434F-B10C-EBD5CC058B4B}.Release|x86.Build.0 = Release|Any CPU
		{CB4F8947-8728-4282-93EF-C0B9F953DE54}.Debug|Any CPU.ActiveCfg = Debug|Any CPU
		{CB4F8947-8728-4282-93EF-C0B9F953DE54}.Debug|Any CPU.Build.0 = Debug|Any CPU
		{CB4F8947-8728-4282-93EF-C0B9F953DE54}.Debug|ARM.ActiveCfg = Debug|Any CPU
		{CB4F8947-8728-4282-93EF-C0B9F953DE54}.Debug|ARM.Build.0 = Debug|Any CPU
		{CB4F8947-8728-4282-93EF-C0B9F953DE54}.Debug|ARM64.ActiveCfg = Debug|Any CPU
		{CB4F8947-8728-4282-93EF-C0B9F953DE54}.Debug|ARM64.Build.0 = Debug|Any CPU
		{CB4F8947-8728-4282-93EF-C0B9F953DE54}.Debug|x64.ActiveCfg = Debug|Any CPU
		{CB4F8947-8728-4282-93EF-C0B9F953DE54}.Debug|x64.Build.0 = Debug|Any CPU
		{CB4F8947-8728-4282-93EF-C0B9F953DE54}.Debug|x86.ActiveCfg = Debug|Any CPU
		{CB4F8947-8728-4282-93EF-C0B9F953DE54}.Debug|x86.Build.0 = Debug|Any CPU
		{CB4F8947-8728-4282-93EF-C0B9F953DE54}.ProdTest|Any CPU.ActiveCfg = ProdTest|Any CPU
		{CB4F8947-8728-4282-93EF-C0B9F953DE54}.ProdTest|Any CPU.Build.0 = ProdTest|Any CPU
		{CB4F8947-8728-4282-93EF-C0B9F953DE54}.ProdTest|ARM.ActiveCfg = ProdTest|Any CPU
		{CB4F8947-8728-4282-93EF-C0B9F953DE54}.ProdTest|ARM.Build.0 = ProdTest|Any CPU
		{CB4F8947-8728-4282-93EF-C0B9F953DE54}.ProdTest|ARM64.ActiveCfg = ProdTest|Any CPU
		{CB4F8947-8728-4282-93EF-C0B9F953DE54}.ProdTest|ARM64.Build.0 = ProdTest|Any CPU
		{CB4F8947-8728-4282-93EF-C0B9F953DE54}.ProdTest|x64.ActiveCfg = ProdTest|Any CPU
		{CB4F8947-8728-4282-93EF-C0B9F953DE54}.ProdTest|x64.Build.0 = ProdTest|Any CPU
		{CB4F8947-8728-4282-93EF-C0B9F953DE54}.ProdTest|x86.ActiveCfg = ProdTest|Any CPU
		{CB4F8947-8728-4282-93EF-C0B9F953DE54}.ProdTest|x86.Build.0 = ProdTest|Any CPU
		{CB4F8947-8728-4282-93EF-C0B9F953DE54}.Profile|Any CPU.ActiveCfg = Profile|Any CPU
		{CB4F8947-8728-4282-93EF-C0B9F953DE54}.Profile|Any CPU.Build.0 = Profile|Any CPU
		{CB4F8947-8728-4282-93EF-C0B9F953DE54}.Profile|ARM.ActiveCfg = Profile|Any CPU
		{CB4F8947-8728-4282-93EF-C0B9F953DE54}.Profile|ARM.Build.0 = Profile|Any CPU
		{CB4F8947-8728-4282-93EF-C0B9F953DE54}.Profile|ARM64.ActiveCfg = Profile|Any CPU
		{CB4F8947-8728-4282-93EF-C0B9F953DE54}.Profile|ARM64.Build.0 = Profile|Any CPU
		{CB4F8947-8728-4282-93EF-C0B9F953DE54}.Profile|x64.ActiveCfg = Profile|Any CPU
		{CB4F8947-8728-4282-93EF-C0B9F953DE54}.Profile|x64.Build.0 = Profile|Any CPU
		{CB4F8947-8728-4282-93EF-C0B9F953DE54}.Profile|x86.ActiveCfg = Profile|Any CPU
		{CB4F8947-8728-4282-93EF-C0B9F953DE54}.Profile|x86.Build.0 = Profile|Any CPU
		{CB4F8947-8728-4282-93EF-C0B9F953DE54}.Release|Any CPU.ActiveCfg = Release|Any CPU
		{CB4F8947-8728-4282-93EF-C0B9F953DE54}.Release|Any CPU.Build.0 = Release|Any CPU
		{CB4F8947-8728-4282-93EF-C0B9F953DE54}.Release|ARM.ActiveCfg = Release|Any CPU
		{CB4F8947-8728-4282-93EF-C0B9F953DE54}.Release|ARM.Build.0 = Release|Any CPU
		{CB4F8947-8728-4282-93EF-C0B9F953DE54}.Release|ARM64.ActiveCfg = Release|Any CPU
		{CB4F8947-8728-4282-93EF-C0B9F953DE54}.Release|ARM64.Build.0 = Release|Any CPU
		{CB4F8947-8728-4282-93EF-C0B9F953DE54}.Release|x64.ActiveCfg = Release|Any CPU
		{CB4F8947-8728-4282-93EF-C0B9F953DE54}.Release|x64.Build.0 = Release|Any CPU
		{CB4F8947-8728-4282-93EF-C0B9F953DE54}.Release|x86.ActiveCfg = Release|Any CPU
		{CB4F8947-8728-4282-93EF-C0B9F953DE54}.Release|x86.Build.0 = Release|Any CPU
		{B21E1729-EA13-47FF-887B-AB625F2A2EBF}.Debug|Any CPU.ActiveCfg = Debug|Any CPU
		{B21E1729-EA13-47FF-887B-AB625F2A2EBF}.Debug|Any CPU.Build.0 = Debug|Any CPU
		{B21E1729-EA13-47FF-887B-AB625F2A2EBF}.Debug|ARM.ActiveCfg = Debug|Any CPU
		{B21E1729-EA13-47FF-887B-AB625F2A2EBF}.Debug|ARM.Build.0 = Debug|Any CPU
		{B21E1729-EA13-47FF-887B-AB625F2A2EBF}.Debug|ARM64.ActiveCfg = Debug|Any CPU
		{B21E1729-EA13-47FF-887B-AB625F2A2EBF}.Debug|ARM64.Build.0 = Debug|Any CPU
		{B21E1729-EA13-47FF-887B-AB625F2A2EBF}.Debug|x64.ActiveCfg = Debug|Any CPU
		{B21E1729-EA13-47FF-887B-AB625F2A2EBF}.Debug|x64.Build.0 = Debug|Any CPU
		{B21E1729-EA13-47FF-887B-AB625F2A2EBF}.Debug|x86.ActiveCfg = Debug|Any CPU
		{B21E1729-EA13-47FF-887B-AB625F2A2EBF}.Debug|x86.Build.0 = Debug|Any CPU
		{B21E1729-EA13-47FF-887B-AB625F2A2EBF}.ProdTest|Any CPU.ActiveCfg = ProdTest|Any CPU
		{B21E1729-EA13-47FF-887B-AB625F2A2EBF}.ProdTest|Any CPU.Build.0 = ProdTest|Any CPU
		{B21E1729-EA13-47FF-887B-AB625F2A2EBF}.ProdTest|ARM.ActiveCfg = ProdTest|Any CPU
		{B21E1729-EA13-47FF-887B-AB625F2A2EBF}.ProdTest|ARM.Build.0 = ProdTest|Any CPU
		{B21E1729-EA13-47FF-887B-AB625F2A2EBF}.ProdTest|ARM64.ActiveCfg = ProdTest|Any CPU
		{B21E1729-EA13-47FF-887B-AB625F2A2EBF}.ProdTest|ARM64.Build.0 = ProdTest|Any CPU
		{B21E1729-EA13-47FF-887B-AB625F2A2EBF}.ProdTest|x64.ActiveCfg = ProdTest|Any CPU
		{B21E1729-EA13-47FF-887B-AB625F2A2EBF}.ProdTest|x64.Build.0 = ProdTest|Any CPU
		{B21E1729-EA13-47FF-887B-AB625F2A2EBF}.ProdTest|x86.ActiveCfg = ProdTest|Any CPU
		{B21E1729-EA13-47FF-887B-AB625F2A2EBF}.ProdTest|x86.Build.0 = ProdTest|Any CPU
		{B21E1729-EA13-47FF-887B-AB625F2A2EBF}.Profile|Any CPU.ActiveCfg = Profile|Any CPU
		{B21E1729-EA13-47FF-887B-AB625F2A2EBF}.Profile|Any CPU.Build.0 = Profile|Any CPU
		{B21E1729-EA13-47FF-887B-AB625F2A2EBF}.Profile|ARM.ActiveCfg = Profile|Any CPU
		{B21E1729-EA13-47FF-887B-AB625F2A2EBF}.Profile|ARM.Build.0 = Profile|Any CPU
		{B21E1729-EA13-47FF-887B-AB625F2A2EBF}.Profile|ARM64.ActiveCfg = Profile|Any CPU
		{B21E1729-EA13-47FF-887B-AB625F2A2EBF}.Profile|ARM64.Build.0 = Profile|Any CPU
		{B21E1729-EA13-47FF-887B-AB625F2A2EBF}.Profile|x64.ActiveCfg = Profile|Any CPU
		{B21E1729-EA13-47FF-887B-AB625F2A2EBF}.Profile|x64.Build.0 = Profile|Any CPU
		{B21E1729-EA13-47FF-887B-AB625F2A2EBF}.Profile|x86.ActiveCfg = Profile|Any CPU
		{B21E1729-EA13-47FF-887B-AB625F2A2EBF}.Profile|x86.Build.0 = Profile|Any CPU
		{B21E1729-EA13-47FF-887B-AB625F2A2EBF}.Release|Any CPU.ActiveCfg = Release|Any CPU
		{B21E1729-EA13-47FF-887B-AB625F2A2EBF}.Release|Any CPU.Build.0 = Release|Any CPU
		{B21E1729-EA13-47FF-887B-AB625F2A2EBF}.Release|ARM.ActiveCfg = Release|Any CPU
		{B21E1729-EA13-47FF-887B-AB625F2A2EBF}.Release|ARM.Build.0 = Release|Any CPU
		{B21E1729-EA13-47FF-887B-AB625F2A2EBF}.Release|ARM64.ActiveCfg = Release|Any CPU
		{B21E1729-EA13-47FF-887B-AB625F2A2EBF}.Release|ARM64.Build.0 = Release|Any CPU
		{B21E1729-EA13-47FF-887B-AB625F2A2EBF}.Release|x64.ActiveCfg = Release|Any CPU
		{B21E1729-EA13-47FF-887B-AB625F2A2EBF}.Release|x64.Build.0 = Release|Any CPU
		{B21E1729-EA13-47FF-887B-AB625F2A2EBF}.Release|x86.ActiveCfg = Release|Any CPU
		{B21E1729-EA13-47FF-887B-AB625F2A2EBF}.Release|x86.Build.0 = Release|Any CPU
	EndGlobalSection
	GlobalSection(SolutionProperties) = preSolution
		HideSolutionNode = FALSE
	EndGlobalSection
	GlobalSection(ExtensibilityGlobals) = postSolution
		SolutionGuid = {98E0695C-E197-4C89-968E-D0F2B6E2C122}
	EndGlobalSection
EndGlobal
